{
  "name": "@lucid/ai",
  "version": "0.1.0",
  "lockfileVersion": 3,
  "requires": true,
  "packages": {
    "": {
      "name": "@lucid/ai",
      "version": "0.1.0",
      "license": "MIT",
      "devDependencies": {
        "@ai-sdk/openai-compatible": "^0.1.0",
        "@lucid/sdk": "file:../raijin-labs-lucid-ai-typescript",
        "typescript": "~5.8.3"
      },
      "peerDependencies": {
        "@ai-sdk/openai-compatible": ">=0.1.0",
        "@lucid/sdk": "*"
      }
    },
    "node_modules/@ai-sdk/openai-compatible": {
      "version": "0.1.17",
      "resolved": "https://registry.npmjs.org/@ai-sdk/openai-compatible/-/openai-compatible-0.1.17.tgz",
      "integrity": "sha512-e60+yxQ29e8RlsTWBW4kLuQJMpVJzH5+cpOeUXLXU6M9wc8BOQCyYg4jYh2ldnfvYCKXYxb2kYeLW7L9fqhhMw==",
      "dev": true,
      "dependencies": {
        "@ai-sdk/provider": "1.0.12",
        "@ai-sdk/provider-utils": "2.1.15"
      },
      "engines": {
        "node": ">=18"
      },
      "peerDependencies": {
        "zod": "^3.0.0"
      }
    },
    "node_modules/@ai-sdk/provider": {
      "version": "1.0.12",
      "resolved": "https://registry.npmjs.org/@ai-sdk/provider/-/provider-1.0.12.tgz",
      "integrity": "sha512-88Uu1zJIE1UUOVJWfE2ybJXgiH8JJ97QY9fbmplErEbfa/k/1kF+tWMVAAJolF2aOGmazQGyQLhv4I9CCuVACw==",
      "dev": true,
      "dependencies": {
        "json-schema": "^0.4.0"
      },
      "engines": {
        "node": ">=18"
      }
    },
    "node_modules/@ai-sdk/provider-utils": {
      "version": "2.1.15",
      "resolved": "https://registry.npmjs.org/@ai-sdk/provider-utils/-/provider-utils-2.1.15.tgz",
      "integrity": "sha512-ndMVtDm2xS86t45CJZSfyl7UblZFewRB8gZkXQHeNi7BhjCYkhE+XQMwfDl6UOAO7kaV60IC1R4JLDWxWiiHug==",
      "dev": true,
      "dependencies": {
        "@ai-sdk/provider": "1.0.12",
        "eventsource-parser": "^3.0.0",
        "nanoid": "^3.3.8",
        "secure-json-parse": "^2.7.0"
      },
      "engines": {
        "node": ">=18"
      },
      "peerDependencies": {
        "zod": "^3.0.0"
      },
      "peerDependenciesMeta": {
        "zod": {
          "optional": true
        }
      }
    },
    "node_modules/@lucid/sdk": {
      "version": "0.5.0",
      "resolved": "file:../raijin-labs-lucid-ai-typescript",
      "dev": true,
      "dependencies": {
        "zod": "^3.25.65 || ^4.0.0"
      },
      "peerDependencies": {
        "@ai-sdk/openai-compatible": ">=0.1.0"
      }
    },
    "node_modules/eventsource-parser": {
      "version": "3.0.6",
      "resolved": "https://registry.npmjs.org/eventsource-parser/-/eventsource-parser-3.0.6.tgz",
      "integrity": "sha512-Vo1ab+QXPzZ4tCa8SwIHJFaSzy4R6SHf7BY79rFBDf0idraZWAkYrDjDj8uWaSm3S2TK+hJ7/t1CEmZ7jXw+pg==",
      "dev": true,
      "engines": {
        "node": ">=18.0.0"
      }
    },
    "node_modules/json-schema": {
      "version": "0.4.0",
      "resolved": "https://registry.npmjs.org/json-schema/-/json-schema-0.4.0.tgz",
      "integrity": "sha512-es94M3nTIfsEPisRafak+HDLfHXnKBhV3vU5eqPcS3flIWqcxJWgXHXiey3YrpaNsanY5ei1VoYEbOzijuq9BA==",
      "dev": true
    },
    "node_modules/nanoid": {
      "version": "3.3.11",
      "resolved": "https://registry.npmjs.org/nanoid/-/nanoid-3.3.11.tgz",
      "integrity": "sha512-N8SpfPUnUp1bK+PMYW8qSWdl9U+wwNWI4QKxOYDy9JAro3WMX7p2OeVRF9v+347pnakNevPmiHhNmZ2HbFA76w==",
      "dev": true,
      "funding": [
        {
          "type": "github",
          "url": "https://github.com/sponsors/ai"
        }
      ],
      "bin": {
        "nanoid": "bin/nanoid.cjs"
      },
      "engines": {
        "node": "^10 || ^12 || ^13.7 || ^14 || >=15.0.1"
      }
    },
    "node_modules/secure-json-parse": {
      "version": "2.7.0",
      "resolved": "https://registry.npmjs.org/secure-json-parse/-/secure-json-parse-2.7.0.tgz",
      "integrity": "sha512-6aU+Rwsezw7VR8/nyvKTx8QpWH9FrcYiXXlqC4z5d5XQBDRqtbfsRjnwGyqbi3gddNtWHuEk9OANUotL26qKUw==",
      "dev": true
    },
    "node_modules/typescript": {
      "version": "5.8.3",
      "resolved": "https://registry.npmjs.org/typescript/-/typescript-5.8.3.tgz",
      "integrity": "sha512-p1diW6TqL9L07nNxvRMM7hMMw4c5XOo/1ibL4aAIGmSAt9slTE1Xgw5KWuof2uTOvCg9BY7ZRi+GaF+7sfgPeQ==",
      "dev": true,
      "bin": {
        "tsc": "bin/tsc",
        "tsserver": "bin/tsserver"
      },
      "engines": {
        "node": ">=14.17"
      }
    },
    "node_modules/zod": {
      "version": "3.25.76",
      "resolved": "https://registry.npmjs.org/zod/-/zod-3.25.76.tgz",
      "integrity": "sha512-gzUt/qt81nXsFGKIFcC3YnfEAx5NkunCfnDlvuBSSFS02bcXu4Lmea0AFIUwbLWxWPx3d9p8S5QoaujKcNQxcQ==",
      "dev": true,
      "funding": {
        "url": "https://github.com/sponsors/colinhacks"
      }
    }
  }
}
