speakeasyVersion: 1.737.0
sources:
    LucidLayer API:
        sourceNamespace: lucid-layer-api
        sourceRevisionDigest: sha256:592545e12e41fe3e7c9d6128aa66ba0495937cee530dd8c21f5b90988946bb74
        sourceBlobDigest: sha256:1e37861eaeed379812c231c203be1cc97baed98543c05f475cc966111433d061
        tags:
            - latest
            - 0.2.0
targets:
    raijin-labs-lucid-ai:
        source: LucidLayer API
        sourceNamespace: lucid-layer-api
        sourceRevisionDigest: sha256:592545e12e41fe3e7c9d6128aa66ba0495937cee530dd8c21f5b90988946bb74
        sourceBlobDigest: sha256:1e37861eaeed379812c231c203be1cc97baed98543c05f475cc966111433d061
        codeSamplesNamespace: lucid-layer-api-typescript-code-samples
        codeSamplesRevisionDigest: sha256:d612bea71fd77336b08bf5dabb8a2ba62982d6c7d286499168d17eed9e5e5e2d
workflow:
    workflowVersion: 1.0.0
    speakeasyVersion: latest
    sources:
        LucidLayer API:
            inputs:
                - location: ../../openapi.yaml
            overlays:
                - location: .speakeasy/speakeasy-modifications-overlay.yaml
            output: .speakeasy/out.openapi.yaml
            registry:
                location: registry.speakeasyapi.dev/raijin-labs-gc4/lucid/lucid-layer-api
    targets:
        raijin-labs-lucid-ai:
            target: typescript
            source: LucidLayer API
            codeSamples:
                registry:
                    location: registry.speakeasyapi.dev/raijin-labs-gc4/lucid/lucid-layer-api-typescript-code-samples
                labelOverride:
                    fixedValue: Typescript (SDK)
                blocking: false
