speakeasyVersion: 1.749.1
sources:
    LucidLayer API:
        sourceNamespace: lucid-layer-api
        sourceRevisionDigest: sha256:dee3f81f3c82c8dd80369d192c0d7a980145dd156978a83f009a58e63b75c3f3
        sourceBlobDigest: sha256:807552921a6e9ea8ba048c6be36fa88f3f6e3c0ab22fbfa08d07aa1fd973f8c7
        tags:
            - latest
            - 0.2.0
targets:
    raijin-labs-lucid-ai:
        source: LucidLayer API
        sourceNamespace: lucid-layer-api
        sourceRevisionDigest: sha256:dee3f81f3c82c8dd80369d192c0d7a980145dd156978a83f009a58e63b75c3f3
        sourceBlobDigest: sha256:807552921a6e9ea8ba048c6be36fa88f3f6e3c0ab22fbfa08d07aa1fd973f8c7
        codeSamplesNamespace: lucid-layer-api-typescript-code-samples
        codeSamplesRevisionDigest: sha256:0981d3f64f1b40dd6af773bf85a8bbceb86e6d4d4d27a7924f905035a29a2841
workflow:
    workflowVersion: 1.0.0
    speakeasyVersion: latest
    sources:
        LucidLayer API:
            inputs:
                - location: ../../openapi.yaml
            overlays:
                - location: .speakeasy/speakeasy-modifications-overlay.yaml
            output: .speakeasy/out.openapi.yaml
            registry:
                location: registry.speakeasyapi.dev/lucidflare/lucidflare/lucid-layer-api
    targets:
        raijin-labs-lucid-ai:
            target: typescript
            source: LucidLayer API
            codeSamples:
                registry:
                    location: registry.speakeasyapi.dev/lucidflare/lucidflare/lucid-layer-api-typescript-code-samples
                labelOverride:
                    fixedValue: Typescript (SDK)
                blocking: false
