speakeasyVersion: 1.688.0
sources:
    LucidLayer API:
        sourceNamespace: lucid-layer-api
        sourceRevisionDigest: sha256:db840fb710d5ea6dad85baec7f4128c6f4f5cbea3b86cd3d9b4605c6c23275d3
        sourceBlobDigest: sha256:534ab14a20db9186300fda7c076ca1ddecbcb1845f6326d6a620585d4f98cc2a
        tags:
            - latest
            - 0.1.0
targets:
    raijin-labs:
        source: LucidLayer API
        sourceNamespace: lucid-layer-api
        sourceRevisionDigest: sha256:db840fb710d5ea6dad85baec7f4128c6f4f5cbea3b86cd3d9b4605c6c23275d3
        sourceBlobDigest: sha256:534ab14a20db9186300fda7c076ca1ddecbcb1845f6326d6a620585d4f98cc2a
workflow:
    workflowVersion: 1.0.0
    speakeasyVersion: latest
    sources:
        LucidLayer API:
            inputs:
                - location: ./openapi.yaml
            output: .speakeasy/out.openapi.yaml
            registry:
                location: registry.speakeasyapi.dev/raijin-labs/lucid/lucid-layer-api
    targets:
        raijin-labs:
            target: mcp-typescript
            source: LucidLayer API
